
Microsoft Visual Studio Solution File, Format Version 12.00
# Visual Studio 2012
Project("{FAE04EC0-301F-11D3-BF4B-00C04F79EFBC}") = "CentralitaHerencia", "CentralitaHerencia\CentralitaHerencia.csproj", "{D9666B03-E242-4C2A-9E78-C5FB793496E5}"
EndProject
Project("{FAE04EC0-301F-11D3-BF4B-00C04F79EFBC}") = "CentralitaPolimorfismo", "CentralitaPolimorfismo\CentralitaPolimorfismo.csproj", "{5BF3FF9D-6B09-455E-BE98-328B80EF4065}"
EndProject
Project("{FAE04EC0-301F-11D3-BF4B-00C04F79EFBC}") = "CentralitaSerializacion", "CentralitaSerializacion\CentralitaSerializacion.csproj", "{44CBA8F5-F545-4F33-826E-A77F2AC96827}"
EndProject
Global
	GlobalSection(SolutionConfigurationPlatforms) = preSolution
		Debug|Any CPU = Debug|Any CPU
		Release|Any CPU = Release|Any CPU
	EndGlobalSection
	GlobalSection(ProjectConfigurationPlatforms) = postSolution
		{D9666B03-E242-4C2A-9E78-C5FB793496E5}.Debug|Any CPU.ActiveCfg = Debug|Any CPU
		{D9666B03-E242-4C2A-9E78-C5FB793496E5}.Debug|Any CPU.Build.0 = Debug|Any CPU
		{D9666B03-E242-4C2A-9E78-C5FB793496E5}.Release|Any CPU.ActiveCfg = Release|Any CPU
		{D9666B03-E242-4C2A-9E78-C5FB793496E5}.Release|Any CPU.Build.0 = Release|Any CPU
		{5BF3FF9D-6B09-455E-BE98-328B80EF4065}.Debug|Any CPU.ActiveCfg = Debug|Any CPU
		{5BF3FF9D-6B09-455E-BE98-328B80EF4065}.Debug|Any CPU.Build.0 = Debug|Any CPU
		{5BF3FF9D-6B09-455E-BE98-328B80EF4065}.Release|Any CPU.ActiveCfg = Release|Any CPU
		{5BF3FF9D-6B09-455E-BE98-328B80EF4065}.Release|Any CPU.Build.0 = Release|Any CPU
		{44CBA8F5-F545-4F33-826E-A77F2AC96827}.Debug|Any CPU.ActiveCfg = Debug|Any CPU
		{44CBA8F5-F545-4F33-826E-A77F2AC96827}.Debug|Any CPU.Build.0 = Debug|Any CPU
		{44CBA8F5-F545-4F33-826E-A77F2AC96827}.Release|Any CPU.ActiveCfg = Release|Any CPU
		{44CBA8F5-F545-4F33-826E-A77F2AC96827}.Release|Any CPU.Build.0 = Release|Any CPU
	EndGlobalSection
	GlobalSection(SolutionProperties) = preSolution
		HideSolutionNode = FALSE
	EndGlobalSection
EndGlobal
